
Microsoft Visual Studio Solution File, Format Version 12.00
# Visual Studio Version 16
VisualStudioVersion = 16.0.31313.79
MinimumVisualStudioVersion = 10.0.40219.1
Project("{FAE04EC0-301F-11D3-BF4B-00C04F79EFBC}") = "Hostel", "Hostel\Hostel.csproj", "{1C31045D-0B40-46F8-8857-4CEBCBAA3560}"
EndProject
Global
	GlobalSection(SolutionConfigurationPlatforms) = preSolution
		Debug|Any CPU = Debug|Any CPU
		Release|Any CPU = Release|Any CPU
	EndGlobalSection
	GlobalSection(ProjectConfigurationPlatforms) = postSolution
		{1C31045D-0B40-46F8-8857-4CEBCBAA3560}.Debug|Any CPU.ActiveCfg = Debug|Any CPU
		{1C31045D-0B40-46F8-8857-4CEBCBAA3560}.Debug|Any CPU.Build.0 = Debug|Any CPU
		{1C31045D-0B40-46F8-8857-4CEBCBAA3560}.Release|Any CPU.ActiveCfg = Release|Any CPU
		{1C31045D-0B40-46F8-8857-4CEBCBAA3560}.Release|Any CPU.Build.0 = Release|Any CPU
	EndGlobalSection
	GlobalSection(SolutionProperties) = preSolution
		HideSolutionNode = FALSE
	EndGlobalSection
	GlobalSection(ExtensibilityGlobals) = postSolution
		SolutionGuid = {F73EE550-871A-4A03-ABC4-6D55A1617C54}
	EndGlobalSection
EndGlobal
